
Microsoft Visual Studio Solution File, Format Version 12.00
# Visual Studio Version 17
VisualStudioVersion = 17.13.35617.110
MinimumVisualStudioVersion = 10.0.40219.1
Project("{FAE04EC0-301F-11D3-BF4B-00C04F79EFBC}") = "BlazorFrontend", "BlazorFrontend\BlazorFrontend.csproj", "{6C9468EF-46C1-4067-85FE-6267EE953CF2}"
EndProject
Global
	GlobalSection(SolutionConfigurationPlatforms) = preSolution
		Debug|Any CPU = Debug|Any CPU
		Release|Any CPU = Release|Any CPU
	EndGlobalSection
	GlobalSection(ProjectConfigurationPlatforms) = postSolution
		{6C9468EF-46C1-4067-85FE-6267EE953CF2}.Debug|Any CPU.ActiveCfg = Debug|Any CPU
		{6C9468EF-46C1-4067-85FE-6267EE953CF2}.Debug|Any CPU.Build.0 = Debug|Any CPU
		{6C9468EF-46C1-4067-85FE-6267EE953CF2}.Release|Any CPU.ActiveCfg = Release|Any CPU
		{6C9468EF-46C1-4067-85FE-6267EE953CF2}.Release|Any CPU.Build.0 = Release|Any CPU
	EndGlobalSection
	GlobalSection(SolutionProperties) = preSolution
		HideSolutionNode = FALSE
	EndGlobalSection
	GlobalSection(ExtensibilityGlobals) = postSolution
		SolutionGuid = {484E9C19-BB17-4B23-8998-FA417F9F97E9}
	EndGlobalSection
EndGlobal
